dependencies:
- name: cloudnative-pg
  repository: https://cloudnative-pg.github.io/charts
  version: 0.28.0
- name: volsync
  repository: https://backube.github.io/helm-charts
  version: 0.15.0
- name: openebs
  repository: https://openebs.github.io/openebs
  version: 4.5.0
digest: sha256:5e83aa24f92b761c86b5dabf5e1b29e37e27c3c04b055a5716a8332e743f6c44
generated: "2026-06-08T17:11:22.388447+08:00"
